
Microsoft Visual Studio Solution File, Format Version 12.00
# Visual Studio 15
VisualStudioVersion = 15.0.28010.2026
MinimumVisualStudioVersion = 10.0.40219.1
Project("{FAE04EC0-301F-11D3-BF4B-00C04F79EFBC}") = "TeduShop.Common", "TeduShop.Common\TeduShop.Common.csproj", "{2D103F3D-AD0E-4283-9F6C-A79D55367BE2}"
EndProject
Project("{FAE04EC0-301F-11D3-BF4B-00C04F79EFBC}") = "TeduShop.Data", "TeduShop.Data\TeduShop.Data.csproj", "{7B11D0FC-3F26-4294-9C4F-0F9C99B1968B}"
EndProject
Project("{FAE04EC0-301F-11D3-BF4B-00C04F79EFBC}") = "TeduShop.Model", "TeduShop.Model\TeduShop.Model.csproj", "{5D692CEC-289F-46E9-8443-DA56B3CD4D48}"
EndProject
Project("{FAE04EC0-301F-11D3-BF4B-00C04F79EFBC}") = "TeduShop.Service", "TeduShop.Service\TeduShop.Service.csproj", "{531AD827-9270-4382-B7FD-4962011B7BEA}"
EndProject
Project("{FAE04EC0-301F-11D3-BF4B-00C04F79EFBC}") = "TeduShop.Web", "TeduShop.Web\TeduShop.Web.csproj", "{64F56D80-7AE4-42DC-B981-AE5DCB419D66}"
EndProject
Project("{FAE04EC0-301F-11D3-BF4B-00C04F79EFBC}") = "TeduShop.UnitTest", "TeduShop.UnitTest\TeduShop.UnitTest.csproj", "{81C9505E-9FD4-4F3D-9BCA-47D468AE58A2}"
EndProject
Global
	GlobalSection(SolutionConfigurationPlatforms) = preSolution
		Debug|Any CPU = Debug|Any CPU
		Release|Any CPU = Release|Any CPU
	EndGlobalSection
	GlobalSection(ProjectConfigurationPlatforms) = postSolution
		{2D103F3D-AD0E-4283-9F6C-A79D55367BE2}.Debug|Any CPU.ActiveCfg = Debug|Any CPU
		{2D103F3D-AD0E-4283-9F6C-A79D55367BE2}.Debug|Any CPU.Build.0 = Debug|Any CPU
		{2D103F3D-AD0E-4283-9F6C-A79D55367BE2}.Release|Any CPU.ActiveCfg = Release|Any CPU
		{2D103F3D-AD0E-4283-9F6C-A79D55367BE2}.Release|Any CPU.Build.0 = Release|Any CPU
		{7B11D0FC-3F26-4294-9C4F-0F9C99B1968B}.Debug|Any CPU.ActiveCfg = Debug|Any CPU
		{7B11D0FC-3F26-4294-9C4F-0F9C99B1968B}.Debug|Any CPU.Build.0 = Debug|Any CPU
		{7B11D0FC-3F26-4294-9C4F-0F9C99B1968B}.Release|Any CPU.ActiveCfg = Release|Any CPU
		{7B11D0FC-3F26-4294-9C4F-0F9C99B1968B}.Release|Any CPU.Build.0 = Release|Any CPU
		{5D692CEC-289F-46E9-8443-DA56B3CD4D48}.Debug|Any CPU.ActiveCfg = Debug|Any CPU
		{5D692CEC-289F-46E9-8443-DA56B3CD4D48}.Debug|Any CPU.Build.0 = Debug|Any CPU
		{5D692CEC-289F-46E9-8443-DA56B3CD4D48}.Release|Any CPU.ActiveCfg = Release|Any CPU
		{5D692CEC-289F-46E9-8443-DA56B3CD4D48}.Release|Any CPU.Build.0 = Release|Any CPU
		{531AD827-9270-4382-B7FD-4962011B7BEA}.Debug|Any CPU.ActiveCfg = Debug|Any CPU
		{531AD827-9270-4382-B7FD-4962011B7BEA}.Debug|Any CPU.Build.0 = Debug|Any CPU
		{531AD827-9270-4382-B7FD-4962011B7BEA}.Release|Any CPU.ActiveCfg = Release|Any CPU
		{531AD827-9270-4382-B7FD-4962011B7BEA}.Release|Any CPU.Build.0 = Release|Any CPU
		{64F56D80-7AE4-42DC-B981-AE5DCB419D66}.Debug|Any CPU.ActiveCfg = Debug|Any CPU
		{64F56D80-7AE4-42DC-B981-AE5DCB419D66}.Debug|Any CPU.Build.0 = Debug|Any CPU
		{64F56D80-7AE4-42DC-B981-AE5DCB419D66}.Release|Any CPU.ActiveCfg = Release|Any CPU
		{64F56D80-7AE4-42DC-B981-AE5DCB419D66}.Release|Any CPU.Build.0 = Release|Any CPU
		{81C9505E-9FD4-4F3D-9BCA-47D468AE58A2}.Debug|Any CPU.ActiveCfg = Debug|Any CPU
		{81C9505E-9FD4-4F3D-9BCA-47D468AE58A2}.Debug|Any CPU.Build.0 = Debug|Any CPU
		{81C9505E-9FD4-4F3D-9BCA-47D468AE58A2}.Release|Any CPU.ActiveCfg = Release|Any CPU
		{81C9505E-9FD4-4F3D-9BCA-47D468AE58A2}.Release|Any CPU.Build.0 = Release|Any CPU
	EndGlobalSection
	GlobalSection(SolutionProperties) = preSolution
		HideSolutionNode = FALSE
	EndGlobalSection
	GlobalSection(ExtensibilityGlobals) = postSolution
		SolutionGuid = {E1451D45-49B3-42B8-9FE2-0BA2A4EA82B3}
	EndGlobalSection
EndGlobal
